
Microsoft Visual Studio Solution File, Format Version 12.00
# Visual Studio 15
VisualStudioVersion = 15.0.27004.2008
MinimumVisualStudioVersion = 10.0.40219.1
Project("{FAE04EC0-301F-11D3-BF4B-00C04F79EFBC}") = "WinApp361", "WinApp361\WinApp361.csproj", "{62EE0722-5196-4DC4-B140-96AE17AFE396}"
EndProject
Global
	GlobalSection(SolutionConfigurationPlatforms) = preSolution
		Debug|Any CPU = Debug|Any CPU
		Release|Any CPU = Release|Any CPU
	EndGlobalSection
	GlobalSection(ProjectConfigurationPlatforms) = postSolution
		{62EE0722-5196-4DC4-B140-96AE17AFE396}.Debug|Any CPU.ActiveCfg = Debug|Any CPU
		{62EE0722-5196-4DC4-B140-96AE17AFE396}.Debug|Any CPU.Build.0 = Debug|Any CPU
		{62EE0722-5196-4DC4-B140-96AE17AFE396}.Release|Any CPU.ActiveCfg = Release|Any CPU
		{62EE0722-5196-4DC4-B140-96AE17AFE396}.Release|Any CPU.Build.0 = Release|Any CPU
	EndGlobalSection
	GlobalSection(SolutionProperties) = preSolution
		HideSolutionNode = FALSE
	EndGlobalSection
	GlobalSection(ExtensibilityGlobals) = postSolution
		SolutionGuid = {D304590F-6AFC-4CB7-8DCB-140C100D3714}
	EndGlobalSection
EndGlobal
